
Microsoft Visual Studio Solution File, Format Version 12.00
# Visual Studio 14
VisualStudioVersion = 14.0.23107.0
MinimumVisualStudioVersion = 10.0.40219.1
Project("{8BC9CEB8-8B4A-11D0-8D11-00A0C91BC942}") = "sample-project", "sample-project\sample-project.vcxproj", "{45E49534-F329-4119-AB8B-B06EDD9E7CE1}"
	ProjectSection(ProjectDependencies) = postProject
		{6C90947C-58C7-950D-01B4-7B10EDC9110F} = {6C90947C-58C7-950D-01B4-7B10EDC9110F}
		{2C4EE892-CC75-3D89-A274-2F1C68DC6E82} = {2C4EE892-CC75-3D89-A274-2F1C68DC6E82}
	EndProjectSection
EndProject
Project("{2150E333-8FDC-42A3-9474-1A3956D46DE8}") = "build-dependencies", "build-dependencies", "{AE4371FA-78AE-414C-A91C-B2A9543EBD1C}"
EndProject
Project("{2150E333-8FDC-42A3-9474-1A3956D46DE8}") = "projects", "projects", "{6EA91E9A-4BB9-4EAB-B4D5-13EDC712594D}"
EndProject
Project("{8BC9CEB8-8B4A-11D0-8D11-00A0C91BC942}") = "bgfx", "..\Dependency\bgfx\.build\projects\vs2015\bgfx.vcxproj", "{6C90947C-58C7-950D-01B4-7B10EDC9110F}"
EndProject
Project("{8BC9CEB8-8B4A-11D0-8D11-00A0C91BC942}") = "assimp", "..\Dependency\assimp\code\assimp.vcxproj", "{2C4EE892-CC75-3D89-A274-2F1C68DC6E82}"
EndProject
Global
	GlobalSection(SolutionConfigurationPlatforms) = preSolution
		Debug|Win32 = Debug|Win32
		Debug|x64 = Debug|x64
		Debug|x86 = Debug|x86
		MinSizeRel|Win32 = MinSizeRel|Win32
		MinSizeRel|x64 = MinSizeRel|x64
		MinSizeRel|x86 = MinSizeRel|x86
		Release|Win32 = Release|Win32
		Release|x64 = Release|x64
		Release|x86 = Release|x86
		RelWithDebInfo|Win32 = RelWithDebInfo|Win32
		RelWithDebInfo|x64 = RelWithDebInfo|x64
		RelWithDebInfo|x86 = RelWithDebInfo|x86
	EndGlobalSection
	GlobalSection(ProjectConfigurationPlatforms) = postSolution
		{45E49534-F329-4119-AB8B-B06EDD9E7CE1}.Debug|Win32.ActiveCfg = Debug|Win32
		{45E49534-F329-4119-AB8B-B06EDD9E7CE1}.Debug|Win32.Build.0 = Debug|Win32
		{45E49534-F329-4119-AB8B-B06EDD9E7CE1}.Debug|x64.ActiveCfg = Debug|x64
		{45E49534-F329-4119-AB8B-B06EDD9E7CE1}.Debug|x64.Build.0 = Debug|x64
		{45E49534-F329-4119-AB8B-B06EDD9E7CE1}.Debug|x86.ActiveCfg = Debug|Win32
		{45E49534-F329-4119-AB8B-B06EDD9E7CE1}.Debug|x86.Build.0 = Debug|Win32
		{45E49534-F329-4119-AB8B-B06EDD9E7CE1}.MinSizeRel|Win32.ActiveCfg = Release|Win32
		{45E49534-F329-4119-AB8B-B06EDD9E7CE1}.MinSizeRel|Win32.Build.0 = Release|Win32
		{45E49534-F329-4119-AB8B-B06EDD9E7CE1}.MinSizeRel|x64.ActiveCfg = Release|x64
		{45E49534-F329-4119-AB8B-B06EDD9E7CE1}.MinSizeRel|x64.Build.0 = Release|x64
		{45E49534-F329-4119-AB8B-B06EDD9E7CE1}.MinSizeRel|x86.ActiveCfg = Release|Win32
		{45E49534-F329-4119-AB8B-B06EDD9E7CE1}.MinSizeRel|x86.Build.0 = Release|Win32
		{45E49534-F329-4119-AB8B-B06EDD9E7CE1}.Release|Win32.ActiveCfg = Release|Win32
		{45E49534-F329-4119-AB8B-B06EDD9E7CE1}.Release|Win32.Build.0 = Release|Win32
		{45E49534-F329-4119-AB8B-B06EDD9E7CE1}.Release|x64.ActiveCfg = Release|x64
		{45E49534-F329-4119-AB8B-B06EDD9E7CE1}.Release|x64.Build.0 = Release|x64
		{45E49534-F329-4119-AB8B-B06EDD9E7CE1}.Release|x86.ActiveCfg = Release|Win32
		{45E49534-F329-4119-AB8B-B06EDD9E7CE1}.Release|x86.Build.0 = Release|Win32
		{45E49534-F329-4119-AB8B-B06EDD9E7CE1}.RelWithDebInfo|Win32.ActiveCfg = Release|Win32
		{45E49534-F329-4119-AB8B-B06EDD9E7CE1}.RelWithDebInfo|Win32.Build.0 = Release|Win32
		{45E49534-F329-4119-AB8B-B06EDD9E7CE1}.RelWithDebInfo|x64.ActiveCfg = Release|x64
		{45E49534-F329-4119-AB8B-B06EDD9E7CE1}.RelWithDebInfo|x64.Build.0 = Release|x64
		{45E49534-F329-4119-AB8B-B06EDD9E7CE1}.RelWithDebInfo|x86.ActiveCfg = Release|Win32
		{45E49534-F329-4119-AB8B-B06EDD9E7CE1}.RelWithDebInfo|x86.Build.0 = Release|Win32
		{6C90947C-58C7-950D-01B4-7B10EDC9110F}.Debug|Win32.ActiveCfg = Debug|Win32
		{6C90947C-58C7-950D-01B4-7B10EDC9110F}.Debug|Win32.Build.0 = Debug|Win32
		{6C90947C-58C7-950D-01B4-7B10EDC9110F}.Debug|x64.ActiveCfg = Debug|x64
		{6C90947C-58C7-950D-01B4-7B10EDC9110F}.Debug|x64.Build.0 = Debug|x64
		{6C90947C-58C7-950D-01B4-7B10EDC9110F}.Debug|x86.ActiveCfg = Debug|Win32
		{6C90947C-58C7-950D-01B4-7B10EDC9110F}.Debug|x86.Build.0 = Debug|Win32
		{6C90947C-58C7-950D-01B4-7B10EDC9110F}.MinSizeRel|Win32.ActiveCfg = Release|Win32
		{6C90947C-58C7-950D-01B4-7B10EDC9110F}.MinSizeRel|Win32.Build.0 = Release|Win32
		{6C90947C-58C7-950D-01B4-7B10EDC9110F}.MinSizeRel|x64.ActiveCfg = Release|x64
		{6C90947C-58C7-950D-01B4-7B10EDC9110F}.MinSizeRel|x64.Build.0 = Release|x64
		{6C90947C-58C7-950D-01B4-7B10EDC9110F}.MinSizeRel|x86.ActiveCfg = Release|Win32
		{6C90947C-58C7-950D-01B4-7B10EDC9110F}.MinSizeRel|x86.Build.0 = Release|Win32
		{6C90947C-58C7-950D-01B4-7B10EDC9110F}.Release|Win32.ActiveCfg = Release|Win32
		{6C90947C-58C7-950D-01B4-7B10EDC9110F}.Release|Win32.Build.0 = Release|Win32
		{6C90947C-58C7-950D-01B4-7B10EDC9110F}.Release|x64.ActiveCfg = Release|x64
		{6C90947C-58C7-950D-01B4-7B10EDC9110F}.Release|x64.Build.0 = Release|x64
		{6C90947C-58C7-950D-01B4-7B10EDC9110F}.Release|x86.ActiveCfg = Release|Win32
		{6C90947C-58C7-950D-01B4-7B10EDC9110F}.Release|x86.Build.0 = Release|Win32
		{6C90947C-58C7-950D-01B4-7B10EDC9110F}.RelWithDebInfo|Win32.ActiveCfg = Release|Win32
		{6C90947C-58C7-950D-01B4-7B10EDC9110F}.RelWithDebInfo|Win32.Build.0 = Release|Win32
		{6C90947C-58C7-950D-01B4-7B10EDC9110F}.RelWithDebInfo|x64.ActiveCfg = Release|x64
		{6C90947C-58C7-950D-01B4-7B10EDC9110F}.RelWithDebInfo|x64.Build.0 = Release|x64
		{6C90947C-58C7-950D-01B4-7B10EDC9110F}.RelWithDebInfo|x86.ActiveCfg = Release|Win32
		{6C90947C-58C7-950D-01B4-7B10EDC9110F}.RelWithDebInfo|x86.Build.0 = Release|Win32
		{2C4EE892-CC75-3D89-A274-2F1C68DC6E82}.Debug|Win32.ActiveCfg = Debug|Win32
		{2C4EE892-CC75-3D89-A274-2F1C68DC6E82}.Debug|Win32.Build.0 = Debug|Win32
		{2C4EE892-CC75-3D89-A274-2F1C68DC6E82}.Debug|x64.ActiveCfg = Debug|Win32
		{2C4EE892-CC75-3D89-A274-2F1C68DC6E82}.Debug|x86.ActiveCfg = Debug|Win32
		{2C4EE892-CC75-3D89-A274-2F1C68DC6E82}.Debug|x86.Build.0 = Debug|Win32
		{2C4EE892-CC75-3D89-A274-2F1C68DC6E82}.MinSizeRel|Win32.ActiveCfg = MinSizeRel|Win32
		{2C4EE892-CC75-3D89-A274-2F1C68DC6E82}.MinSizeRel|Win32.Build.0 = MinSizeRel|Win32
		{2C4EE892-CC75-3D89-A274-2F1C68DC6E82}.MinSizeRel|x64.ActiveCfg = MinSizeRel|Win32
		{2C4EE892-CC75-3D89-A274-2F1C68DC6E82}.MinSizeRel|x86.ActiveCfg = MinSizeRel|Win32
		{2C4EE892-CC75-3D89-A274-2F1C68DC6E82}.MinSizeRel|x86.Build.0 = MinSizeRel|Win32
		{2C4EE892-CC75-3D89-A274-2F1C68DC6E82}.Release|Win32.ActiveCfg = Release|Win32
		{2C4EE892-CC75-3D89-A274-2F1C68DC6E82}.Release|Win32.Build.0 = Release|Win32
		{2C4EE892-CC75-3D89-A274-2F1C68DC6E82}.Release|x64.ActiveCfg = Release|Win32
		{2C4EE892-CC75-3D89-A274-2F1C68DC6E82}.Release|x86.ActiveCfg = Release|Win32
		{2C4EE892-CC75-3D89-A274-2F1C68DC6E82}.Release|x86.Build.0 = Release|Win32
		{2C4EE892-CC75-3D89-A274-2F1C68DC6E82}.RelWithDebInfo|Win32.ActiveCfg = RelWithDebInfo|Win32
		{2C4EE892-CC75-3D89-A274-2F1C68DC6E82}.RelWithDebInfo|Win32.Build.0 = RelWithDebInfo|Win32
		{2C4EE892-CC75-3D89-A274-2F1C68DC6E82}.RelWithDebInfo|x64.ActiveCfg = RelWithDebInfo|Win32
		{2C4EE892-CC75-3D89-A274-2F1C68DC6E82}.RelWithDebInfo|x86.ActiveCfg = RelWithDebInfo|Win32
		{2C4EE892-CC75-3D89-A274-2F1C68DC6E82}.RelWithDebInfo|x86.Build.0 = RelWithDebInfo|Win32
	EndGlobalSection
	GlobalSection(SolutionProperties) = preSolution
		HideSolutionNode = FALSE
	EndGlobalSection
	GlobalSection(NestedProjects) = preSolution
		{45E49534-F329-4119-AB8B-B06EDD9E7CE1} = {6EA91E9A-4BB9-4EAB-B4D5-13EDC712594D}
		{6C90947C-58C7-950D-01B4-7B10EDC9110F} = {AE4371FA-78AE-414C-A91C-B2A9543EBD1C}
		{2C4EE892-CC75-3D89-A274-2F1C68DC6E82} = {AE4371FA-78AE-414C-A91C-B2A9543EBD1C}
	EndGlobalSection
EndGlobal
